
Microsoft Visual Studio Solution File, Format Version 12.00
# Visual Studio Version 16
VisualStudioVersion = 16.0.28803.452
MinimumVisualStudioVersion = 10.0.40219.1
Project("{FAE04EC0-301F-11D3-BF4B-00C04F79EFBC}") = "HTMLZoomTool", "HTMLZoomTool.csproj", "{54CADB17-9BDF-4910-B4C0-F936281F9ABD}"
EndProject
Global
	GlobalSection(SolutionConfigurationPlatforms) = preSolution
		Debug|Any CPU = Debug|Any CPU
		Release|Any CPU = Release|Any CPU
	EndGlobalSection
	GlobalSection(ProjectConfigurationPlatforms) = postSolution
		{54CADB17-9BDF-4910-B4C0-F936281F9ABD}.Debug|Any CPU.ActiveCfg = Debug|Any CPU
		{54CADB17-9BDF-4910-B4C0-F936281F9ABD}.Debug|Any CPU.Build.0 = Debug|Any CPU
		{54CADB17-9BDF-4910-B4C0-F936281F9ABD}.Release|Any CPU.ActiveCfg = Release|Any CPU
		{54CADB17-9BDF-4910-B4C0-F936281F9ABD}.Release|Any CPU.Build.0 = Release|Any CPU
	EndGlobalSection
	GlobalSection(SolutionProperties) = preSolution
		HideSolutionNode = FALSE
	EndGlobalSection
	GlobalSection(ExtensibilityGlobals) = postSolution
		SolutionGuid = {2925223B-242F-4AD5-8593-77B102E8D9EA}
	EndGlobalSection
EndGlobal
